
Microsoft Visual Studio Solution File, Format Version 12.00
# Visual Studio Version 16
VisualStudioVersion = 16.0.31005.135
MinimumVisualStudioVersion = 10.0.40219.1
Project("{FAE04EC0-301F-11D3-BF4B-00C04F79EFBC}") = "WebApplication3", "WebApplication3\WebApplication3.csproj", "{5B20550F-BD8E-4312-B320-73070560A192}"
EndProject
Project("{FAE04EC0-301F-11D3-BF4B-00C04F79EFBC}") = "Teste.DAO", "Teste.DAO\Teste.DAO.csproj", "{55209633-5661-4D60-AA10-5307D5F07DDC}"
EndProject
Project("{FAE04EC0-301F-11D3-BF4B-00C04F79EFBC}") = "Teste.Entidades", "Teste.Entidades\Teste.Entidades.csproj", "{7D8393CA-ED62-4BB9-8F16-DD986A294D09}"
EndProject
Global
	GlobalSection(SolutionConfigurationPlatforms) = preSolution
		Debug|Any CPU = Debug|Any CPU
		Release|Any CPU = Release|Any CPU
	EndGlobalSection
	GlobalSection(ProjectConfigurationPlatforms) = postSolution
		{5B20550F-BD8E-4312-B320-73070560A192}.Debug|Any CPU.ActiveCfg = Debug|Any CPU
		{5B20550F-BD8E-4312-B320-73070560A192}.Debug|Any CPU.Build.0 = Debug|Any CPU
		{5B20550F-BD8E-4312-B320-73070560A192}.Release|Any CPU.ActiveCfg = Release|Any CPU
		{5B20550F-BD8E-4312-B320-73070560A192}.Release|Any CPU.Build.0 = Release|Any CPU
		{55209633-5661-4D60-AA10-5307D5F07DDC}.Debug|Any CPU.ActiveCfg = Debug|Any CPU
		{55209633-5661-4D60-AA10-5307D5F07DDC}.Debug|Any CPU.Build.0 = Debug|Any CPU
		{55209633-5661-4D60-AA10-5307D5F07DDC}.Release|Any CPU.ActiveCfg = Release|Any CPU
		{55209633-5661-4D60-AA10-5307D5F07DDC}.Release|Any CPU.Build.0 = Release|Any CPU
		{7D8393CA-ED62-4BB9-8F16-DD986A294D09}.Debug|Any CPU.ActiveCfg = Debug|Any CPU
		{7D8393CA-ED62-4BB9-8F16-DD986A294D09}.Debug|Any CPU.Build.0 = Debug|Any CPU
		{7D8393CA-ED62-4BB9-8F16-DD986A294D09}.Release|Any CPU.ActiveCfg = Release|Any CPU
		{7D8393CA-ED62-4BB9-8F16-DD986A294D09}.Release|Any CPU.Build.0 = Release|Any CPU
	EndGlobalSection
	GlobalSection(SolutionProperties) = preSolution
		HideSolutionNode = FALSE
	EndGlobalSection
	GlobalSection(ExtensibilityGlobals) = postSolution
		SolutionGuid = {F07D47AE-EA19-477C-B157-592DB05298BB}
	EndGlobalSection
EndGlobal
